
Microsoft Visual Studio Solution File, Format Version 12.00
# Visual Studio Version 16
VisualStudioVersion = 16.0.30804.86
MinimumVisualStudioVersion = 10.0.40219.1
Project("{FAE04EC0-301F-11D3-BF4B-00C04F79EFBC}") = "militar1", "militar1\militar1.csproj", "{4045E186-9E45-41B8-A987-41D49257775B}"
EndProject
Global
	GlobalSection(SolutionConfigurationPlatforms) = preSolution
		Debug|Any CPU = Debug|Any CPU
		Release|Any CPU = Release|Any CPU
	EndGlobalSection
	GlobalSection(ProjectConfigurationPlatforms) = postSolution
		{4045E186-9E45-41B8-A987-41D49257775B}.Debug|Any CPU.ActiveCfg = Debug|Any CPU
		{4045E186-9E45-41B8-A987-41D49257775B}.Debug|Any CPU.Build.0 = Debug|Any CPU
		{4045E186-9E45-41B8-A987-41D49257775B}.Release|Any CPU.ActiveCfg = Release|Any CPU
		{4045E186-9E45-41B8-A987-41D49257775B}.Release|Any CPU.Build.0 = Release|Any CPU
	EndGlobalSection
	GlobalSection(SolutionProperties) = preSolution
		HideSolutionNode = FALSE
	EndGlobalSection
	GlobalSection(ExtensibilityGlobals) = postSolution
		SolutionGuid = {AC3D75BA-ADFD-4359-B54D-15DAD41DA9C7}
	EndGlobalSection
EndGlobal
